// !$*UTF8*$!
{
	archiveVersion = 1;
	classes = {
	};
	objectVersion = 46;
	objects = {

/* Begin PBXBuildFile section */
		666574A6161EFD3B00C7E0DF /* UIKit.framework in Frameworks */ = {isa = PBXBuildFile; fileRef = 666574A5161EFD3B00C7E0DF /* UIKit.framework */; };
		666574A8161EFD3B00C7E0DF /* Foundation.framework in Frameworks */ = {isa = PBXBuildFile; fileRef = 666574A7161EFD3B00C7E0DF /* Foundation.framework */; };
		666574AA161EFD3B00C7E0DF /* CoreGraphics.framework in Frameworks */ = {isa = PBXBuildFile; fileRef = 666574A9161EFD3B00C7E0DF /* CoreGraphics.framework */; };
		66657951161F0E8700C7E0DF /* CFNetwork.framework in Frameworks */ = {isa = PBXBuildFile; fileRef = 66657950161F0E8700C7E0DF /* CFNetwork.framework */; };
		66657953161F0E8F00C7E0DF /* Security.framework in Frameworks */ = {isa = PBXBuildFile; fileRef = 66657952161F0E8F00C7E0DF /* Security.framework */; };
		7C7AE498162DAD5200587A40 /* AppDelegate.m in Sources */ = {isa = PBXBuildFile; fileRef = 7C7AE445162DAD5200587A40 /* AppDelegate.m */; };
		7C7AE499162DAD5200587A40 /* DashboardViewController.m in Sources */ = {isa = PBXBuildFile; fileRef = 7C7AE448162DAD5200587A40 /* DashboardViewController.m */; };
		7C7AE49A162DAD5200587A40 /* PerformanceViewController.m in Sources */ = {isa = PBXBuildFile; fileRef = 7C7AE44A162DAD5200587A40 /* PerformanceViewController.m */; };
		7C7AE49B162DAD5200587A40 /* GCDAsyncSocket.m in Sources */ = {isa = PBXBuildFile; fileRef = 7C7AE44F162DAD5200587A40 /* GCDAsyncSocket.m */; };
		7C7AE49C162DAD5200587A40 /* GCDAsyncUdpSocket.m in Sources */ = {isa = PBXBuildFile; fileRef = 7C7AE451162DAD5200587A40 /* GCDAsyncUdpSocket.m */; };
		7C7AE49D162DAD5200587A40 /* AsyncSocket.m in Sources */ = {isa = PBXBuildFile; fileRef = 7C7AE454162DAD5200587A40 /* AsyncSocket.m */; };
		7C7AE49E162DAD5200587A40 /* AsyncUdpSocket.m in Sources */ = {isa = PBXBuildFile; fileRef = 7C7AE456162DAD5200587A40 /* AsyncUdpSocket.m */; settings = {COMPILER_FLAGS = "-fno-objc-arc"; }; };
		7C7AE49F162DAD5200587A40 /* DDAbstractDatabaseLogger.m in Sources */ = {isa = PBXBuildFile; fileRef = 7C7AE45A162DAD5200587A40 /* DDAbstractDatabaseLogger.m */; };
		7C7AE4A0162DAD5200587A40 /* DDASLLogger.m in Sources */ = {isa = PBXBuildFile; fileRef = 7C7AE45C162DAD5200587A40 /* DDASLLogger.m */; };
		7C7AE4A1162DAD5200587A40 /* DDFileLogger.m in Sources */ = {isa = PBXBuildFile; fileRef = 7C7AE45E162DAD5200587A40 /* DDFileLogger.m */; };
		7C7AE4A2162DAD5200587A40 /* DDLog.m in Sources */ = {isa = PBXBuildFile; fileRef = 7C7AE460162DAD5200587A40 /* DDLog.m */; };
		7C7AE4A3162DAD5200587A40 /* DDTTYLogger.m in Sources */ = {isa = PBXBuildFile; fileRef = 7C7AE462162DAD5200587A40 /* DDTTYLogger.m */; };
		7C7AE4A4162DAD5200587A40 /* ContextFilterLogFormatter.m in Sources */ = {isa = PBXBuildFile; fileRef = 7C7AE465162DAD5200587A40 /* ContextFilterLogFormatter.m */; };
		7C7AE4A5162DAD5200587A40 /* DispatchQueueLogFormatter.m in Sources */ = {isa = PBXBuildFile; fileRef = 7C7AE467162DAD5200587A40 /* DispatchQueueLogFormatter.m */; };
		7C7AE4A6162DAD5200587A40 /* NS+OSCAdditions.m in Sources */ = {isa = PBXBuildFile; fileRef = 7C7AE46B162DAD5200587A40 /* NS+OSCAdditions.m */; settings = {COMPILER_FLAGS = "-fno-objc-arc"; }; };
		7C7AE4A7162DAD5200587A40 /* OSCConnection.m in Sources */ = {isa = PBXBuildFile; fileRef = 7C7AE46D162DAD5200587A40 /* OSCConnection.m */; settings = {COMPILER_FLAGS = "-fno-objc-arc"; }; };
		7C7AE4A8162DAD5200587A40 /* OSCDispatcher.m in Sources */ = {isa = PBXBuildFile; fileRef = 7C7AE470162DAD5200587A40 /* OSCDispatcher.m */; settings = {COMPILER_FLAGS = "-fno-objc-arc"; }; };
		7C7AE4A9162DAD5200587A40 /* OSCPacket.m in Sources */ = {isa = PBXBuildFile; fileRef = 7C7AE472162DAD5200587A40 /* OSCPacket.m */; settings = {COMPILER_FLAGS = "-fno-objc-arc"; }; };
		7C7AE4AA162DAD5200587A40 /* RegexKitLite.m in Sources */ = {isa = PBXBuildFile; fileRef = 7C7AE474162DAD5200587A40 /* RegexKitLite.m */; settings = {COMPILER_FLAGS = "-fno-objc-arc"; }; };
		7C7AE4AB162DAD5200587A40 /* libTestFlight.a in Frameworks */ = {isa = PBXBuildFile; fileRef = 7C7AE476162DAD5200587A40 /* libTestFlight.a */; };
		7C7AE4AC162DAD5200587A40 /* WSOSCBundle.m in Sources */ = {isa = PBXBuildFile; fileRef = 7C7AE47A162DAD5200587A40 /* WSOSCBundle.m */; settings = {COMPILER_FLAGS = "-fno-objc-arc"; }; };
		7C7AE4AD162DAD5200587A40 /* WSOSCMessage.m in Sources */ = {isa = PBXBuildFile; fileRef = 7C7AE47C162DAD5200587A40 /* WSOSCMessage.m */; settings = {COMPILER_FLAGS = "-fno-objc-arc"; }; };
		7C7AE4AE162DAD5200587A40 /* WSOSCPacket.m in Sources */ = {isa = PBXBuildFile; fileRef = 7C7AE47E162DAD5200587A40 /* WSOSCPacket.m */; settings = {COMPILER_FLAGS = "-fno-objc-arc"; }; };
		7C7AE4AF162DAD5200587A40 /* GradientButton.m in Sources */ = {isa = PBXBuildFile; fileRef = 7C7AE482162DAD5200587A40 /* GradientButton.m */; settings = {COMPILER_FLAGS = "-fno-objc-arc"; }; };
		7C7AE4B0162DAD5200587A40 /* PDColoredProgressView.m in Sources */ = {isa = PBXBuildFile; fileRef = 7C7AE484162DAD5200587A40 /* PDColoredProgressView.m */; settings = {COMPILER_FLAGS = "-fno-objc-arc"; }; };
		7C7AE4B1162DAD5200587A40 /* TKProgressView.m in Sources */ = {isa = PBXBuildFile; fileRef = 7C7AE486162DAD5200587A40 /* TKProgressView.m */; settings = {COMPILER_FLAGS = "-fno-objc-arc"; }; };
		7C7AE4B2162DAD5200587A40 /* Default-568h@2x.png in Resources */ = {isa = PBXBuildFile; fileRef = 7C7AE489162DAD5200587A40 /* Default-568h@2x.png */; };
		7C7AE4B3162DAD5200587A40 /* Default.png in Resources */ = {isa = PBXBuildFile; fileRef = 7C7AE48A162DAD5200587A40 /* Default.png */; };
		7C7AE4B4162DAD5200587A40 /* Default@2x.png in Resources */ = {isa = PBXBuildFile; fileRef = 7C7AE48B162DAD5200587A40 /* Default@2x.png */; };
		7C7AE4B5162DAD5200587A40 /* DashboardViewController.xib in Resources */ = {isa = PBXBuildFile; fileRef = 7C7AE48D162DAD5200587A40 /* DashboardViewController.xib */; };
		7C7AE4B6162DAD5200587A40 /* InfoPlist.strings in Resources */ = {isa = PBXBuildFile; fileRef = 7C7AE48E162DAD5200587A40 /* InfoPlist.strings */; };
		7C7AE4B7162DAD5200587A40 /* PerformanceViewController.xib in Resources */ = {isa = PBXBuildFile; fileRef = 7C7AE490162DAD5200587A40 /* PerformanceViewController.xib */; };
		7C7AE4BA162DAD5200587A40 /* main.m in Sources */ = {isa = PBXBuildFile; fileRef = 7C7AE497162DAD5200587A40 /* main.m */; };
		7C7AE4C0162DAFED00587A40 /* drawing.m in Sources */ = {isa = PBXBuildFile; fileRef = 7C7AE4BF162DAFED00587A40 /* drawing.m */; };
		7C7AE4C5162DB23600587A40 /* SessionManager.m in Sources */ = {isa = PBXBuildFile; fileRef = 7C7AE4C4162DB23600587A40 /* SessionManager.m */; };
		7CA3823A162607F4004CE2EA /* libz.dylib in Frameworks */ = {isa = PBXBuildFile; fileRef = 7CA38239162607F4004CE2EA /* libz.dylib */; };
/* End PBXBuildFile section */

/* Begin PBXFileReference section */
		666574A1161EFD3B00C7E0DF /* Fanfare.app */ = {isa = PBXFileReference; explicitFileType = wrapper.application; includeInIndex = 0; path = Fanfare.app; sourceTree = BUILT_PRODUCTS_DIR; };
		666574A5161EFD3B00C7E0DF /* UIKit.framework */ = {isa = PBXFileReference; lastKnownFileType = wrapper.framework; name = UIKit.framework; path = System/Library/Frameworks/UIKit.framework; sourceTree = SDKROOT; };
		666574A7161EFD3B00C7E0DF /* Foundation.framework */ = {isa = PBXFileReference; lastKnownFileType = wrapper.framework; name = Foundation.framework; path = System/Library/Frameworks/Foundation.framework; sourceTree = SDKROOT; };
		666574A9161EFD3B00C7E0DF /* CoreGraphics.framework */ = {isa = PBXFileReference; lastKnownFileType = wrapper.framework; name = CoreGraphics.framework; path = System/Library/Frameworks/CoreGraphics.framework; sourceTree = SDKROOT; };
		66657950161F0E8700C7E0DF /* CFNetwork.framework */ = {isa = PBXFileReference; lastKnownFileType = wrapper.framework; name = CFNetwork.framework; path = System/Library/Frameworks/CFNetwork.framework; sourceTree = SDKROOT; };
		66657952161F0E8F00C7E0DF /* Security.framework */ = {isa = PBXFileReference; lastKnownFileType = wrapper.framework; name = Security.framework; path = System/Library/Frameworks/Security.framework; sourceTree = SDKROOT; };
		7C7AE444162DAD5200587A40 /* AppDelegate.h */ = {isa = PBXFileReference; fileEncoding = 4; lastKnownFileType = sourcecode.c.h; path = AppDelegate.h; sourceTree = "<group>"; };
		7C7AE445162DAD5200587A40 /* AppDelegate.m */ = {isa = PBXFileReference; fileEncoding = 4; lastKnownFileType = sourcecode.c.objc; path = AppDelegate.m; sourceTree = "<group>"; };
		7C7AE447162DAD5200587A40 /* DashboardViewController.h */ = {isa = PBXFileReference; fileEncoding = 4; lastKnownFileType = sourcecode.c.h; path = DashboardViewController.h; sourceTree = "<group>"; };
		7C7AE448162DAD5200587A40 /* DashboardViewController.m */ = {isa = PBXFileReference; fileEncoding = 4; lastKnownFileType = sourcecode.c.objc; path = DashboardViewController.m; sourceTree = "<group>"; };
		7C7AE449162DAD5200587A40 /* PerformanceViewController.h */ = {isa = PBXFileReference; fileEncoding = 4; lastKnownFileType = sourcecode.c.h; path = PerformanceViewController.h; sourceTree = "<group>"; };
		7C7AE44A162DAD5200587A40 /* PerformanceViewController.m */ = {isa = PBXFileReference; fileEncoding = 4; lastKnownFileType = sourcecode.c.objc; path = PerformanceViewController.m; sourceTree = "<group>"; };
		7C7AE44E162DAD5200587A40 /* GCDAsyncSocket.h */ = {isa = PBXFileReference; fileEncoding = 4; lastKnownFileType = sourcecode.c.h; path = GCDAsyncSocket.h; sourceTree = "<group>"; };
		7C7AE44F162DAD5200587A40 /* GCDAsyncSocket.m */ = {isa = PBXFileReference; fileEncoding = 4; lastKnownFileType = sourcecode.c.objc; path = GCDAsyncSocket.m; sourceTree = "<group>"; };
		7C7AE450162DAD5200587A40 /* GCDAsyncUdpSocket.h */ = {isa = PBXFileReference; fileEncoding = 4; lastKnownFileType = sourcecode.c.h; path = GCDAsyncUdpSocket.h; sourceTree = "<group>"; };
		7C7AE451162DAD5200587A40 /* GCDAsyncUdpSocket.m */ = {isa = PBXFileReference; fileEncoding = 4; lastKnownFileType = sourcecode.c.objc; path = GCDAsyncUdpSocket.m; sourceTree = "<group>"; };
		7C7AE453162DAD5200587A40 /* AsyncSocket.h */ = {isa = PBXFileReference; fileEncoding = 4; lastKnownFileType = sourcecode.c.h; path = AsyncSocket.h; sourceTree = "<group>"; };
		7C7AE454162DAD5200587A40 /* AsyncSocket.m */ = {isa = PBXFileReference; fileEncoding = 4; lastKnownFileType = sourcecode.c.objc; path = AsyncSocket.m; sourceTree = "<group>"; };
		7C7AE455162DAD5200587A40 /* AsyncUdpSocket.h */ = {isa = PBXFileReference; fileEncoding = 4; lastKnownFileType = sourcecode.c.h; path = AsyncUdpSocket.h; sourceTree = "<group>"; };
		7C7AE456162DAD5200587A40 /* AsyncUdpSocket.m */ = {isa = PBXFileReference; fileEncoding = 4; lastKnownFileType = sourcecode.c.objc; path = AsyncUdpSocket.m; sourceTree = "<group>"; };
		7C7AE459162DAD5200587A40 /* DDAbstractDatabaseLogger.h */ = {isa = PBXFileReference; fileEncoding = 4; lastKnownFileType = sourcecode.c.h; path = DDAbstractDatabaseLogger.h; sourceTree = "<group>"; };
		7C7AE45A162DAD5200587A40 /* DDAbstractDatabaseLogger.m */ = {isa = PBXFileReference; fileEncoding = 4; lastKnownFileType = sourcecode.c.objc; path = DDAbstractDatabaseLogger.m; sourceTree = "<group>"; };
		7C7AE45B162DAD5200587A40 /* DDASLLogger.h */ = {isa = PBXFileReference; fileEncoding = 4; lastKnownFileType = sourcecode.c.h; path = DDASLLogger.h; sourceTree = "<group>"; };
		7C7AE45C162DAD5200587A40 /* DDASLLogger.m */ = {isa = PBXFileReference; fileEncoding = 4; lastKnownFileType = sourcecode.c.objc; path = DDASLLogger.m; sourceTree = "<group>"; };
		7C7AE45D162DAD5200587A40 /* DDFileLogger.h */ = {isa = PBXFileReference; fileEncoding = 4; lastKnownFileType = sourcecode.c.h; path = DDFileLogger.h; sourceTree = "<group>"; };
		7C7AE45E162DAD5200587A40 /* DDFileLogger.m */ = {isa = PBXFileReference; fileEncoding = 4; lastKnownFileType = sourcecode.c.objc; path = DDFileLogger.m; sourceTree = "<group>"; };
		7C7AE45F162DAD5200587A40 /* DDLog.h */ = {isa = PBXFileReference; fileEncoding = 4; lastKnownFileType = sourcecode.c.h; path = DDLog.h; sourceTree = "<group>"; };
		7C7AE460162DAD5200587A40 /* DDLog.m */ = {isa = PBXFileReference; fileEncoding = 4; lastKnownFileType = sourcecode.c.objc; path = DDLog.m; sourceTree = "<group>"; };
		7C7AE461162DAD5200587A40 /* DDTTYLogger.h */ = {isa = PBXFileReference; fileEncoding = 4; lastKnownFileType = sourcecode.c.h; path = DDTTYLogger.h; sourceTree = "<group>"; };
		7C7AE462162DAD5200587A40 /* DDTTYLogger.m */ = {isa = PBXFileReference; fileEncoding = 4; lastKnownFileType = sourcecode.c.objc; path = DDTTYLogger.m; sourceTree = "<group>"; };
		7C7AE464162DAD5200587A40 /* ContextFilterLogFormatter.h */ = {isa = PBXFileReference; fileEncoding = 4; lastKnownFileType = sourcecode.c.h; path = ContextFilterLogFormatter.h; sourceTree = "<group>"; };
		7C7AE465162DAD5200587A40 /* ContextFilterLogFormatter.m */ = {isa = PBXFileReference; fileEncoding = 4; lastKnownFileType = sourcecode.c.objc; path = ContextFilterLogFormatter.m; sourceTree = "<group>"; };
		7C7AE466162DAD5200587A40 /* DispatchQueueLogFormatter.h */ = {isa = PBXFileReference; fileEncoding = 4; lastKnownFileType = sourcecode.c.h; path = DispatchQueueLogFormatter.h; sourceTree = "<group>"; };
		7C7AE467162DAD5200587A40 /* DispatchQueueLogFormatter.m */ = {isa = PBXFileReference; fileEncoding = 4; lastKnownFileType = sourcecode.c.objc; path = DispatchQueueLogFormatter.m; sourceTree = "<group>"; };
		7C7AE469162DAD5200587A40 /* CocoaOSC.h */ = {isa = PBXFileReference; fileEncoding = 4; lastKnownFileType = sourcecode.c.h; path = CocoaOSC.h; sourceTree = "<group>"; };
		7C7AE46A162DAD5200587A40 /* NS+OSCAdditions.h */ = {isa = PBXFileReference; fileEncoding = 4; lastKnownFileType = sourcecode.c.h; path = "NS+OSCAdditions.h"; sourceTree = "<group>"; };
		7C7AE46B162DAD5200587A40 /* NS+OSCAdditions.m */ = {isa = PBXFileReference; fileEncoding = 4; lastKnownFileType = sourcecode.c.objc; path = "NS+OSCAdditions.m"; sourceTree = "<group>"; };
		7C7AE46C162DAD5200587A40 /* OSCConnection.h */ = {isa = PBXFileReference; fileEncoding = 4; lastKnownFileType = sourcecode.c.h; path = OSCConnection.h; sourceTree = "<group>"; };
		7C7AE46D162DAD5200587A40 /* OSCConnection.m */ = {isa = PBXFileReference; fileEncoding = 4; lastKnownFileType = sourcecode.c.objc; path = OSCConnection.m; sourceTree = "<group>"; };
		7C7AE46E162DAD5200587A40 /* OSCConnectionDelegate.h */ = {isa = PBXFileReference; fileEncoding = 4; lastKnownFileType = sourcecode.c.h; path = OSCConnectionDelegate.h; sourceTree = "<group>"; };
		7C7AE46F162DAD5200587A40 /* OSCDispatcher.h */ = {isa = PBXFileReference; fileEncoding = 4; lastKnownFileType = sourcecode.c.h; path = OSCDispatcher.h; sourceTree = "<group>"; };
		7C7AE470162DAD5200587A40 /* OSCDispatcher.m */ = {isa = PBXFileReference; fileEncoding = 4; lastKnownFileType = sourcecode.c.objc; path = OSCDispatcher.m; sourceTree = "<group>"; };
		7C7AE471162DAD5200587A40 /* OSCPacket.h */ = {isa = PBXFileReference; fileEncoding = 4; lastKnownFileType = sourcecode.c.h; path = OSCPacket.h; sourceTree = "<group>"; };
		7C7AE472162DAD5200587A40 /* OSCPacket.m */ = {isa = PBXFileReference; fileEncoding = 4; lastKnownFileType = sourcecode.c.objc; path = OSCPacket.m; sourceTree = "<group>"; };
		7C7AE473162DAD5200587A40 /* RegexKitLite.h */ = {isa = PBXFileReference; fileEncoding = 4; lastKnownFileType = sourcecode.c.h; path = RegexKitLite.h; sourceTree = "<group>"; };
		7C7AE474162DAD5200587A40 /* RegexKitLite.m */ = {isa = PBXFileReference; fileEncoding = 4; lastKnownFileType = sourcecode.c.objc; path = RegexKitLite.m; sourceTree = "<group>"; };
		7C7AE476162DAD5200587A40 /* libTestFlight.a */ = {isa = PBXFileReference; lastKnownFileType = archive.ar; path = libTestFlight.a; sourceTree = "<group>"; };
		7C7AE477162DAD5200587A40 /* TestFlight.h */ = {isa = PBXFileReference; fileEncoding = 4; lastKnownFileType = sourcecode.c.h; path = TestFlight.h; sourceTree = "<group>"; };
		7C7AE479162DAD5200587A40 /* WSOSCBundle.h */ = {isa = PBXFileReference; fileEncoding = 4; lastKnownFileType = sourcecode.c.h; path = WSOSCBundle.h; sourceTree = "<group>"; };
		7C7AE47A162DAD5200587A40 /* WSOSCBundle.m */ = {isa = PBXFileReference; fileEncoding = 4; lastKnownFileType = sourcecode.c.objc; path = WSOSCBundle.m; sourceTree = "<group>"; };
		7C7AE47B162DAD5200587A40 /* WSOSCMessage.h */ = {isa = PBXFileReference; fileEncoding = 4; lastKnownFileType = sourcecode.c.h; path = WSOSCMessage.h; sourceTree = "<group>"; };
		7C7AE47C162DAD5200587A40 /* WSOSCMessage.m */ = {isa = PBXFileReference; fileEncoding = 4; lastKnownFileType = sourcecode.c.objc; path = WSOSCMessage.m; sourceTree = "<group>"; };
		7C7AE47D162DAD5200587A40 /* WSOSCPacket.h */ = {isa = PBXFileReference; fileEncoding = 4; lastKnownFileType = sourcecode.c.h; path = WSOSCPacket.h; sourceTree = "<group>"; };
		7C7AE47E162DAD5200587A40 /* WSOSCPacket.m */ = {isa = PBXFileReference; fileEncoding = 4; lastKnownFileType = sourcecode.c.objc; path = WSOSCPacket.m; sourceTree = "<group>"; };
		7C7AE481162DAD5200587A40 /* GradientButton.h */ = {isa = PBXFileReference; fileEncoding = 4; lastKnownFileType = sourcecode.c.h; path = GradientButton.h; sourceTree = "<group>"; };
		7C7AE482162DAD5200587A40 /* GradientButton.m */ = {isa = PBXFileReference; fileEncoding = 4; lastKnownFileType = sourcecode.c.objc; path = GradientButton.m; sourceTree = "<group>"; };
		7C7AE483162DAD5200587A40 /* PDColoredProgressView.h */ = {isa = PBXFileReference; fileEncoding = 4; lastKnownFileType = sourcecode.c.h; path = PDColoredProgressView.h; sourceTree = "<group>"; };
		7C7AE484162DAD5200587A40 /* PDColoredProgressView.m */ = {isa = PBXFileReference; fileEncoding = 4; lastKnownFileType = sourcecode.c.objc; path = PDColoredProgressView.m; sourceTree = "<group>"; };
		7C7AE485162DAD5200587A40 /* TKProgressView.h */ = {isa = PBXFileReference; fileEncoding = 4; lastKnownFileType = sourcecode.c.h; path = TKProgressView.h; sourceTree = "<group>"; };
		7C7AE486162DAD5200587A40 /* TKProgressView.m */ = {isa = PBXFileReference; fileEncoding = 4; lastKnownFileType = sourcecode.c.objc; path = TKProgressView.m; sourceTree = "<group>"; };
		7C7AE489162DAD5200587A40 /* Default-568h@2x.png */ = {isa = PBXFileReference; lastKnownFileType = image.png; path = "Default-568h@2x.png"; sourceTree = "<group>"; };
		7C7AE48A162DAD5200587A40 /* Default.png */ = {isa = PBXFileReference; lastKnownFileType = image.png; path = Default.png; sourceTree = "<group>"; };
		7C7AE48B162DAD5200587A40 /* Default@2x.png */ = {isa = PBXFileReference; lastKnownFileType = image.png; path = "Default@2x.png"; sourceTree = "<group>"; };
		7C7AE48D162DAD5200587A40 /* DashboardViewController.xib */ = {isa = PBXFileReference; fileEncoding = 4; lastKnownFileType = file.xib; path = DashboardViewController.xib; sourceTree = "<group>"; };
		7C7AE48F162DAD5200587A40 /* en */ = {isa = PBXFileReference; lastKnownFileType = text.plist.strings; name = en; path = en.lproj/InfoPlist.strings; sourceTree = "<group>"; };
		7C7AE491162DAD5200587A40 /* en */ = {isa = PBXFileReference; lastKnownFileType = file.xib; name = en; path = en.lproj/PerformanceViewController.xib; sourceTree = "<group>"; };
		7C7AE495162DAD5200587A40 /* iYooDeePee-Info.plist */ = {isa = PBXFileReference; fileEncoding = 4; lastKnownFileType = text.plist.xml; path = "iYooDeePee-Info.plist"; sourceTree = "<group>"; };
		7C7AE496162DAD5200587A40 /* iYooDeePee-Prefix.pch */ = {isa = PBXFileReference; fileEncoding = 4; lastKnownFileType = sourcecode.c.h; path = "iYooDeePee-Prefix.pch"; sourceTree = "<group>"; };
		7C7AE497162DAD5200587A40 /* main.m */ = {isa = PBXFileReference; fileEncoding = 4; lastKnownFileType = sourcecode.c.objc; path = main.m; sourceTree = "<group>"; };
		7C7AE4BF162DAFED00587A40 /* drawing.m */ = {isa = PBXFileReference; fileEncoding = 4; lastKnownFileType = sourcecode.c.objc; path = drawing.m; sourceTree = "<group>"; };
		7C7AE4C2162DB22200587A40 /* SynthesizeSingleton.h */ = {isa = PBXFileReference; lastKnownFileType = sourcecode.c.h; path = SynthesizeSingleton.h; sourceTree = "<group>"; };
		7C7AE4C3162DB23600587A40 /* SessionManager.h */ = {isa = PBXFileReference; fileEncoding = 4; lastKnownFileType = sourcecode.c.h; path = SessionManager.h; sourceTree = "<group>"; };
		7C7AE4C4162DB23600587A40 /* SessionManager.m */ = {isa = PBXFileReference; fileEncoding = 4; lastKnownFileType = sourcecode.c.objc; path = SessionManager.m; sourceTree = "<group>"; };
		7CA38239162607F4004CE2EA /* libz.dylib */ = {isa = PBXFileReference; lastKnownFileType = "compiled.mach-o.dylib"; name = libz.dylib; path = usr/lib/libz.dylib; sourceTree = SDKROOT; };
/* End PBXFileReference section */

/* Begin PBXFrameworksBuildPhase section */
		6665749E161EFD3B00C7E0DF /* Frameworks */ = {
			isa = PBXFrameworksBuildPhase;
			buildActionMask = 2147483647;
			files = (
				7CA3823A162607F4004CE2EA /* libz.dylib in Frameworks */,
				66657953161F0E8F00C7E0DF /* Security.framework in Frameworks */,
				66657951161F0E8700C7E0DF /* CFNetwork.framework in Frameworks */,
				666574A6161EFD3B00C7E0DF /* UIKit.framework in Frameworks */,
				666574A8161EFD3B00C7E0DF /* Foundation.framework in Frameworks */,
				666574AA161EFD3B00C7E0DF /* CoreGraphics.framework in Frameworks */,
				7C7AE4AB162DAD5200587A40 /* libTestFlight.a in Frameworks */,
			);
			runOnlyForDeploymentPostprocessing = 0;
		};
/* End PBXFrameworksBuildPhase section */

/* Begin PBXGroup section */
		66657496161EFD3B00C7E0DF = {
			isa = PBXGroup;
			children = (
				7C7AE442162DAD5200587A40 /* Classes */,
				7C7AE487162DAD5200587A40 /* Resources */,
				7C7AE494162DAD5200587A40 /* Supporting Files */,
				666574A4161EFD3B00C7E0DF /* Frameworks */,
				666574A2161EFD3B00C7E0DF /* Products */,
			);
			sourceTree = "<group>";
		};
		666574A2161EFD3B00C7E0DF /* Products */ = {
			isa = PBXGroup;
			children = (
				666574A1161EFD3B00C7E0DF /* Fanfare.app */,
			);
			name = Products;
			sourceTree = "<group>";
		};
		666574A4161EFD3B00C7E0DF /* Frameworks */ = {
			isa = PBXGroup;
			children = (
				7CA38239162607F4004CE2EA /* libz.dylib */,
				66657952161F0E8F00C7E0DF /* Security.framework */,
				66657950161F0E8700C7E0DF /* CFNetwork.framework */,
				666574A5161EFD3B00C7E0DF /* UIKit.framework */,
				666574A7161EFD3B00C7E0DF /* Foundation.framework */,
				666574A9161EFD3B00C7E0DF /* CoreGraphics.framework */,
			);
			name = Frameworks;
			sourceTree = "<group>";
		};
		7C7AE442162DAD5200587A40 /* Classes */ = {
			isa = PBXGroup;
			children = (
				7C7AE443162DAD5200587A40 /* App Delegate */,
				7C7AE446162DAD5200587A40 /* Controllers */,
				7C7AE44B162DAD5200587A40 /* Libraries */,
				7C7AE47F162DAD5200587A40 /* Managers */,
				7C7AE480162DAD5200587A40 /* Views */,
			);
			path = Classes;
			sourceTree = "<group>";
		};
		7C7AE443162DAD5200587A40 /* App Delegate */ = {
			isa = PBXGroup;
			children = (
				7C7AE444162DAD5200587A40 /* AppDelegate.h */,
				7C7AE445162DAD5200587A40 /* AppDelegate.m */,
			);
			path = "App Delegate";
			sourceTree = "<group>";
		};
		7C7AE446162DAD5200587A40 /* Controllers */ = {
			isa = PBXGroup;
			children = (
				7C7AE447162DAD5200587A40 /* DashboardViewController.h */,
				7C7AE448162DAD5200587A40 /* DashboardViewController.m */,
				7C7AE449162DAD5200587A40 /* PerformanceViewController.h */,
				7C7AE44A162DAD5200587A40 /* PerformanceViewController.m */,
			);
			path = Controllers;
			sourceTree = "<group>";
		};
		7C7AE44B162DAD5200587A40 /* Libraries */ = {
			isa = PBXGroup;
			children = (
				7C7AE44C162DAD5200587A40 /* CocoaAsyncSocket */,
				7C7AE468162DAD5200587A40 /* CocoaOSC */,
				7C7AE475162DAD5200587A40 /* Test Flight */,
				7C7AE478162DAD5200587A40 /* WSOSC */,
			);
			path = Libraries;
			sourceTree = "<group>";
		};
		7C7AE44C162DAD5200587A40 /* CocoaAsyncSocket */ = {
			isa = PBXGroup;
			children = (
				7C7AE44D162DAD5200587A40 /* GCD */,
				7C7AE452162DAD5200587A40 /* RunLoop */,
				7C7AE457162DAD5200587A40 /* Vendor */,
			);
			path = CocoaAsyncSocket;
			sourceTree = "<group>";
		};
		7C7AE44D162DAD5200587A40 /* GCD */ = {
			isa = PBXGroup;
			children = (
				7C7AE44E162DAD5200587A40 /* GCDAsyncSocket.h */,
				7C7AE44F162DAD5200587A40 /* GCDAsyncSocket.m */,
				7C7AE450162DAD5200587A40 /* GCDAsyncUdpSocket.h */,
				7C7AE451162DAD5200587A40 /* GCDAsyncUdpSocket.m */,
			);
			path = GCD;
			sourceTree = "<group>";
		};
		7C7AE452162DAD5200587A40 /* RunLoop */ = {
			isa = PBXGroup;
			children = (
				7C7AE453162DAD5200587A40 /* AsyncSocket.h */,
				7C7AE454162DAD5200587A40 /* AsyncSocket.m */,
				7C7AE455162DAD5200587A40 /* AsyncUdpSocket.h */,
				7C7AE456162DAD5200587A40 /* AsyncUdpSocket.m */,
			);
			path = RunLoop;
			sourceTree = "<group>";
		};
		7C7AE457162DAD5200587A40 /* Vendor */ = {
			isa = PBXGroup;
			children = (
				7C7AE458162DAD5200587A40 /* CocoaLumberjack */,
			);
			path = Vendor;
			sourceTree = "<group>";
		};
		7C7AE458162DAD5200587A40 /* CocoaLumberjack */ = {
			isa = PBXGroup;
			children = (
				7C7AE459162DAD5200587A40 /* DDAbstractDatabaseLogger.h */,
				7C7AE45A162DAD5200587A40 /* DDAbstractDatabaseLogger.m */,
				7C7AE45B162DAD5200587A40 /* DDASLLogger.h */,
				7C7AE45C162DAD5200587A40 /* DDASLLogger.m */,
				7C7AE45D162DAD5200587A40 /* DDFileLogger.h */,
				7C7AE45E162DAD5200587A40 /* DDFileLogger.m */,
				7C7AE45F162DAD5200587A40 /* DDLog.h */,
				7C7AE460162DAD5200587A40 /* DDLog.m */,
				7C7AE461162DAD5200587A40 /* DDTTYLogger.h */,
				7C7AE462162DAD5200587A40 /* DDTTYLogger.m */,
				7C7AE463162DAD5200587A40 /* Extensions */,
			);
			path = CocoaLumberjack;
			sourceTree = "<group>";
		};
		7C7AE463162DAD5200587A40 /* Extensions */ = {
			isa = PBXGroup;
			children = (
				7C7AE464162DAD5200587A40 /* ContextFilterLogFormatter.h */,
				7C7AE465162DAD5200587A40 /* ContextFilterLogFormatter.m */,
				7C7AE466162DAD5200587A40 /* DispatchQueueLogFormatter.h */,
				7C7AE467162DAD5200587A40 /* DispatchQueueLogFormatter.m */,
			);
			path = Extensions;
			sourceTree = "<group>";
		};
		7C7AE468162DAD5200587A40 /* CocoaOSC */ = {
			isa = PBXGroup;
			children = (
				7C7AE469162DAD5200587A40 /* CocoaOSC.h */,
				7C7AE46A162DAD5200587A40 /* NS+OSCAdditions.h */,
				7C7AE46B162DAD5200587A40 /* NS+OSCAdditions.m */,
				7C7AE46C162DAD5200587A40 /* OSCConnection.h */,
				7C7AE46D162DAD5200587A40 /* OSCConnection.m */,
				7C7AE46E162DAD5200587A40 /* OSCConnectionDelegate.h */,
				7C7AE46F162DAD5200587A40 /* OSCDispatcher.h */,
				7C7AE470162DAD5200587A40 /* OSCDispatcher.m */,
				7C7AE471162DAD5200587A40 /* OSCPacket.h */,
				7C7AE472162DAD5200587A40 /* OSCPacket.m */,
				7C7AE473162DAD5200587A40 /* RegexKitLite.h */,
				7C7AE474162DAD5200587A40 /* RegexKitLite.m */,
			);
			path = CocoaOSC;
			sourceTree = "<group>";
		};
		7C7AE475162DAD5200587A40 /* Test Flight */ = {
			isa = PBXGroup;
			children = (
				7C7AE476162DAD5200587A40 /* libTestFlight.a */,
				7C7AE477162DAD5200587A40 /* TestFlight.h */,
			);
			path = "Test Flight";
			sourceTree = "<group>";
		};
		7C7AE478162DAD5200587A40 /* WSOSC */ = {
			isa = PBXGroup;
			children = (
				7C7AE479162DAD5200587A40 /* WSOSCBundle.h */,
				7C7AE47A162DAD5200587A40 /* WSOSCBundle.m */,
				7C7AE47B162DAD5200587A40 /* WSOSCMessage.h */,
				7C7AE47C162DAD5200587A40 /* WSOSCMessage.m */,
				7C7AE47D162DAD5200587A40 /* WSOSCPacket.h */,
				7C7AE47E162DAD5200587A40 /* WSOSCPacket.m */,
			);
			path = WSOSC;
			sourceTree = "<group>";
		};
		7C7AE47F162DAD5200587A40 /* Managers */ = {
			isa = PBXGroup;
			children = (
				7C7AE4C3162DB23600587A40 /* SessionManager.h */,
				7C7AE4C4162DB23600587A40 /* SessionManager.m */,
			);
			path = Managers;
			sourceTree = "<group>";
		};
		7C7AE480162DAD5200587A40 /* Views */ = {
			isa = PBXGroup;
			children = (
				7C7AE481162DAD5200587A40 /* GradientButton.h */,
				7C7AE482162DAD5200587A40 /* GradientButton.m */,
				7C7AE483162DAD5200587A40 /* PDColoredProgressView.h */,
				7C7AE484162DAD5200587A40 /* PDColoredProgressView.m */,
				7C7AE4BF162DAFED00587A40 /* drawing.m */,
				7C7AE485162DAD5200587A40 /* TKProgressView.h */,
				7C7AE486162DAD5200587A40 /* TKProgressView.m */,
			);
			path = Views;
			sourceTree = "<group>";
		};
		7C7AE487162DAD5200587A40 /* Resources */ = {
			isa = PBXGroup;
			children = (
				7C7AE488162DAD5200587A40 /* Images */,
				7C7AE48C162DAD5200587A40 /* NIBs */,
				7C7AE4C1162DB1FA00587A40 /* Utilities */,
			);
			path = Resources;
			sourceTree = "<group>";
		};
		7C7AE488162DAD5200587A40 /* Images */ = {
			isa = PBXGroup;
			children = (
				7C7AE489162DAD5200587A40 /* Default-568h@2x.png */,
				7C7AE48A162DAD5200587A40 /* Default.png */,
				7C7AE48B162DAD5200587A40 /* Default@2x.png */,
			);
			path = Images;
			sourceTree = "<group>";
		};
		7C7AE48C162DAD5200587A40 /* NIBs */ = {
			isa = PBXGroup;
			children = (
				7C7AE48D162DAD5200587A40 /* DashboardViewController.xib */,
				7C7AE48E162DAD5200587A40 /* InfoPlist.strings */,
				7C7AE490162DAD5200587A40 /* PerformanceViewController.xib */,
			);
			path = NIBs;
			sourceTree = "<group>";
		};
		7C7AE494162DAD5200587A40 /* Supporting Files */ = {
			isa = PBXGroup;
			children = (
				7C7AE495162DAD5200587A40 /* iYooDeePee-Info.plist */,
				7C7AE496162DAD5200587A40 /* iYooDeePee-Prefix.pch */,
				7C7AE497162DAD5200587A40 /* main.m */,
			);
			path = "Supporting Files";
			sourceTree = "<group>";
		};
		7C7AE4C1162DB1FA00587A40 /* Utilities */ = {
			isa = PBXGroup;
			children = (
				7C7AE4C2162DB22200587A40 /* SynthesizeSingleton.h */,
			);
			path = Utilities;
			sourceTree = "<group>";
		};
/* End PBXGroup section */

/* Begin PBXNativeTarget section */
		666574A0161EFD3B00C7E0DF /* iYooDeePee */ = {
			isa = PBXNativeTarget;
			buildConfigurationList = 666574C5161EFD3B00C7E0DF /* Build configuration list for PBXNativeTarget "iYooDeePee" */;
			buildPhases = (
				6665749D161EFD3B00C7E0DF /* Sources */,
				6665749E161EFD3B00C7E0DF /* Frameworks */,
				6665749F161EFD3B00C7E0DF /* Resources */,
			);
			buildRules = (
			);
			dependencies = (
			);
			name = iYooDeePee;
			productName = iYooDeePee;
			productReference = 666574A1161EFD3B00C7E0DF /* Fanfare.app */;
			productType = "com.apple.product-type.application";
		};
/* End PBXNativeTarget section */

/* Begin PBXProject section */
		66657498161EFD3B00C7E0DF /* Project object */ = {
			isa = PBXProject;
			attributes = {
				LastUpgradeCheck = 0450;
				ORGANIZATIONNAME = "Ecliptic Labs";
			};
			buildConfigurationList = 6665749B161EFD3B00C7E0DF /* Build configuration list for PBXProject "iYooDeePee" */;
			compatibilityVersion = "Xcode 3.2";
			developmentRegion = English;
			hasScannedForEncodings = 0;
			knownRegions = (
				en,
				English,
			);
			mainGroup = 66657496161EFD3B00C7E0DF;
			productRefGroup = 666574A2161EFD3B00C7E0DF /* Products */;
			projectDirPath = "";
			projectRoot = "";
			targets = (
				666574A0161EFD3B00C7E0DF /* iYooDeePee */,
			);
		};
/* End PBXProject section */

/* Begin PBXResourcesBuildPhase section */
		6665749F161EFD3B00C7E0DF /* Resources */ = {
			isa = PBXResourcesBuildPhase;
			buildActionMask = 2147483647;
			files = (
				7C7AE4B2162DAD5200587A40 /* Default-568h@2x.png in Resources */,
				7C7AE4B3162DAD5200587A40 /* Default.png in Resources */,
				7C7AE4B4162DAD5200587A40 /* Default@2x.png in Resources */,
				7C7AE4B5162DAD5200587A40 /* DashboardViewController.xib in Resources */,
				7C7AE4B6162DAD5200587A40 /* InfoPlist.strings in Resources */,
				7C7AE4B7162DAD5200587A40 /* PerformanceViewController.xib in Resources */,
			);
			runOnlyForDeploymentPostprocessing = 0;
		};
/* End PBXResourcesBuildPhase section */

/* Begin PBXSourcesBuildPhase section */
		6665749D161EFD3B00C7E0DF /* Sources */ = {
			isa = PBXSourcesBuildPhase;
			buildActionMask = 2147483647;
			files = (
				7C7AE498162DAD5200587A40 /* AppDelegate.m in Sources */,
				7C7AE499162DAD5200587A40 /* DashboardViewController.m in Sources */,
				7C7AE49A162DAD5200587A40 /* PerformanceViewController.m in Sources */,
				7C7AE49B162DAD5200587A40 /* GCDAsyncSocket.m in Sources */,
				7C7AE49C162DAD5200587A40 /* GCDAsyncUdpSocket.m in Sources */,
				7C7AE49D162DAD5200587A40 /* AsyncSocket.m in Sources */,
				7C7AE49E162DAD5200587A40 /* AsyncUdpSocket.m in Sources */,
				7C7AE49F162DAD5200587A40 /* DDAbstractDatabaseLogger.m in Sources */,
				7C7AE4A0162DAD5200587A40 /* DDASLLogger.m in Sources */,
				7C7AE4A1162DAD5200587A40 /* DDFileLogger.m in Sources */,
				7C7AE4A2162DAD5200587A40 /* DDLog.m in Sources */,
				7C7AE4A3162DAD5200587A40 /* DDTTYLogger.m in Sources */,
				7C7AE4A4162DAD5200587A40 /* ContextFilterLogFormatter.m in Sources */,
				7C7AE4A5162DAD5200587A40 /* DispatchQueueLogFormatter.m in Sources */,
				7C7AE4A6162DAD5200587A40 /* NS+OSCAdditions.m in Sources */,
				7C7AE4A7162DAD5200587A40 /* OSCConnection.m in Sources */,
				7C7AE4A8162DAD5200587A40 /* OSCDispatcher.m in Sources */,
				7C7AE4A9162DAD5200587A40 /* OSCPacket.m in Sources */,
				7C7AE4AA162DAD5200587A40 /* RegexKitLite.m in Sources */,
				7C7AE4AC162DAD5200587A40 /* WSOSCBundle.m in Sources */,
				7C7AE4AD162DAD5200587A40 /* WSOSCMessage.m in Sources */,
				7C7AE4AE162DAD5200587A40 /* WSOSCPacket.m in Sources */,
				7C7AE4AF162DAD5200587A40 /* GradientButton.m in Sources */,
				7C7AE4B0162DAD5200587A40 /* PDColoredProgressView.m in Sources */,
				7C7AE4B1162DAD5200587A40 /* TKProgressView.m in Sources */,
				7C7AE4BA162DAD5200587A40 /* main.m in Sources */,
				7C7AE4C0162DAFED00587A40 /* drawing.m in Sources */,
				7C7AE4C5162DB23600587A40 /* SessionManager.m in Sources */,
			);
			runOnlyForDeploymentPostprocessing = 0;
		};
/* End PBXSourcesBuildPhase section */

/* Begin PBXVariantGroup section */
		7C7AE48E162DAD5200587A40 /* InfoPlist.strings */ = {
			isa = PBXVariantGroup;
			children = (
				7C7AE48F162DAD5200587A40 /* en */,
			);
			name = InfoPlist.strings;
			sourceTree = "<group>";
		};
		7C7AE490162DAD5200587A40 /* PerformanceViewController.xib */ = {
			isa = PBXVariantGroup;
			children = (
				7C7AE491162DAD5200587A40 /* en */,
			);
			name = PerformanceViewController.xib;
			sourceTree = "<group>";
		};
/* End PBXVariantGroup section */

/* Begin XCBuildConfiguration section */
		666574C3161EFD3B00C7E0DF /* Debug */ = {
			isa = XCBuildConfiguration;
			buildSettings = {
				ALWAYS_SEARCH_USER_PATHS = NO;
				CLANG_CXX_LANGUAGE_STANDARD = "gnu++0x";
				CLANG_CXX_LIBRARY = "libc++";
				CLANG_ENABLE_OBJC_ARC = YES;
				CLANG_WARN_EMPTY_BODY = YES;
				CLANG_WARN__DUPLICATE_METHOD_MATCH = YES;
				"CODE_SIGN_IDENTITY[sdk=iphoneos*]" = "iPhone Developer";
				COPY_PHASE_STRIP = NO;
				GCC_C_LANGUAGE_STANDARD = gnu99;
				GCC_DYNAMIC_NO_PIC = NO;
				GCC_OPTIMIZATION_LEVEL = 0;
				GCC_PREPROCESSOR_DEFINITIONS = (
					"DEBUG=1",
					"$(inherited)",
				);
				GCC_SYMBOLS_PRIVATE_EXTERN = NO;
				GCC_WARN_ABOUT_RETURN_TYPE = YES;
				GCC_WARN_UNINITIALIZED_AUTOS = YES;
				GCC_WARN_UNUSED_VARIABLE = YES;
				IPHONEOS_DEPLOYMENT_TARGET = 4.3;
				SDKROOT = iphoneos;
			};
			name = Debug;
		};
		666574C4161EFD3B00C7E0DF /* Release */ = {
			isa = XCBuildConfiguration;
			buildSettings = {
				ALWAYS_SEARCH_USER_PATHS = NO;
				CLANG_CXX_LANGUAGE_STANDARD = "gnu++0x";
				CLANG_CXX_LIBRARY = "libc++";
				CLANG_ENABLE_OBJC_ARC = YES;
				CLANG_WARN_EMPTY_BODY = YES;
				CLANG_WARN__DUPLICATE_METHOD_MATCH = YES;
				"CODE_SIGN_IDENTITY[sdk=iphoneos*]" = "iPhone Developer";
				COPY_PHASE_STRIP = YES;
				GCC_C_LANGUAGE_STANDARD = gnu99;
				GCC_WARN_ABOUT_RETURN_TYPE = YES;
				GCC_WARN_UNINITIALIZED_AUTOS = YES;
				GCC_WARN_UNUSED_VARIABLE = YES;
				IPHONEOS_DEPLOYMENT_TARGET = 4.3;
				OTHER_CFLAGS = "-DNS_BLOCK_ASSERTIONS=1";
				SDKROOT = iphoneos;
				VALIDATE_PRODUCT = YES;
			};
			name = Release;
		};
		666574C6161EFD3B00C7E0DF /* Debug */ = {
			isa = XCBuildConfiguration;
			buildSettings = {
				CLANG_ENABLE_OBJC_ARC = YES;
				GCC_PRECOMPILE_PREFIX_HEADER = YES;
				GCC_PREFIX_HEADER = "Supporting Files/iYooDeePee-Prefix.pch";
				INFOPLIST_FILE = "$(SRCROOT)/Supporting Files/iYooDeePee-Info.plist";
				IPHONEOS_DEPLOYMENT_TARGET = 4.3;
				LIBRARY_SEARCH_PATHS = (
					"$(inherited)",
					"\"$(SRCROOT)/Classes/Libraries/Test Flight\"",
				);
				OTHER_LDFLAGS = "-licucore";
				PRODUCT_NAME = Fanfare;
				USER_HEADER_SEARCH_PATHS = "";
				WRAPPER_EXTENSION = app;
			};
			name = Debug;
		};
		666574C7161EFD3B00C7E0DF /* Release */ = {
			isa = XCBuildConfiguration;
			buildSettings = {
				CLANG_ENABLE_OBJC_ARC = YES;
				GCC_PRECOMPILE_PREFIX_HEADER = YES;
				GCC_PREFIX_HEADER = "Supporting Files/iYooDeePee-Prefix.pch";
				INFOPLIST_FILE = "$(SRCROOT)/Supporting Files/iYooDeePee-Info.plist";
				IPHONEOS_DEPLOYMENT_TARGET = 4.3;
				LIBRARY_SEARCH_PATHS = (
					"$(inherited)",
					"\"$(SRCROOT)/Classes/Libraries/Test Flight\"",
				);
				OTHER_LDFLAGS = "-licucore";
				PRODUCT_NAME = Fanfare;
				USER_HEADER_SEARCH_PATHS = "";
				WRAPPER_EXTENSION = app;
			};
			name = Release;
		};
		7CDBD041161F364900678482 /* Ad Hoc Distribution */ = {
			isa = XCBuildConfiguration;
			buildSettings = {
				ALWAYS_SEARCH_USER_PATHS = NO;
				CLANG_CXX_LANGUAGE_STANDARD = "gnu++0x";
				CLANG_CXX_LIBRARY = "libc++";
				CLANG_ENABLE_OBJC_ARC = YES;
				CLANG_WARN_EMPTY_BODY = YES;
				CLANG_WARN__DUPLICATE_METHOD_MATCH = YES;
				"CODE_SIGN_IDENTITY[sdk=iphoneos*]" = "iPhone Developer";
				COPY_PHASE_STRIP = NO;
				GCC_C_LANGUAGE_STANDARD = gnu99;
				GCC_DYNAMIC_NO_PIC = NO;
				GCC_OPTIMIZATION_LEVEL = 0;
				GCC_PREPROCESSOR_DEFINITIONS = (
					"DEBUG=1",
					"$(inherited)",
				);
				GCC_SYMBOLS_PRIVATE_EXTERN = NO;
				GCC_WARN_ABOUT_RETURN_TYPE = YES;
				GCC_WARN_UNINITIALIZED_AUTOS = YES;
				GCC_WARN_UNUSED_VARIABLE = YES;
				IPHONEOS_DEPLOYMENT_TARGET = 4.3;
				SDKROOT = iphoneos;
			};
			name = "Ad Hoc Distribution";
		};
		7CDBD042161F364900678482 /* Ad Hoc Distribution */ = {
			isa = XCBuildConfiguration;
			buildSettings = {
				CLANG_ENABLE_OBJC_ARC = YES;
				CODE_SIGN_IDENTITY = "iPhone Distribution: Ecliptic Labs Ltd";
				"CODE_SIGN_IDENTITY[sdk=iphoneos*]" = "iPhone Distribution: Ecliptic Labs Ltd";
				GCC_PRECOMPILE_PREFIX_HEADER = YES;
				GCC_PREFIX_HEADER = "Supporting Files/iYooDeePee-Prefix.pch";
				INFOPLIST_FILE = "$(SRCROOT)/Supporting Files/iYooDeePee-Info.plist";
				IPHONEOS_DEPLOYMENT_TARGET = 4.3;
				LIBRARY_SEARCH_PATHS = (
					"$(inherited)",
					"\"$(SRCROOT)/Classes/Libraries/Test Flight\"",
				);
				OTHER_LDFLAGS = "-licucore";
				PRODUCT_NAME = Fanfare;
				PROVISIONING_PROFILE = "20D63A59-5513-46FA-AC18-418035EE4BFF";
				"PROVISIONING_PROFILE[sdk=iphoneos*]" = "20D63A59-5513-46FA-AC18-418035EE4BFF";
				USER_HEADER_SEARCH_PATHS = "";
				WRAPPER_EXTENSION = app;
			};
			name = "Ad Hoc Distribution";
		};
/* End XCBuildConfiguration section */

/* Begin XCConfigurationList section */
		6665749B161EFD3B00C7E0DF /* Build configuration list for PBXProject "iYooDeePee" */ = {
			isa = XCConfigurationList;
			buildConfigurations = (
				666574C3161EFD3B00C7E0DF /* Debug */,
				7CDBD041161F364900678482 /* Ad Hoc Distribution */,
				666574C4161EFD3B00C7E0DF /* Release */,
			);
			defaultConfigurationIsVisible = 0;
			defaultConfigurationName = Release;
		};
		666574C5161EFD3B00C7E0DF /* Build configuration list for PBXNativeTarget "iYooDeePee" */ = {
			isa = XCConfigurationList;
			buildConfigurations = (
				666574C6161EFD3B00C7E0DF /* Debug */,
				7CDBD042161F364900678482 /* Ad Hoc Distribution */,
				666574C7161EFD3B00C7E0DF /* Release */,
			);
			defaultConfigurationIsVisible = 0;
			defaultConfigurationName = Release;
		};
/* End XCConfigurationList section */
	};
	rootObject = 66657498161EFD3B00C7E0DF /* Project object */;
}
